
Microsoft Visual Studio Solution File, Format Version 12.00
# Visual Studio Version 17
VisualStudioVersion = 17.8.34316.72
MinimumVisualStudioVersion = 10.0.40219.1
Project("{FAE04EC0-301F-11D3-BF4B-00C04F79EFBC}") = "ANDyNAwebApp", "ANDyNAwebApp.csproj", "{FBEDC289-4776-4B74-850C-66E53B9CABED}"
EndProject
Global
	GlobalSection(SolutionConfigurationPlatforms) = preSolution
		Debug|Any CPU = Debug|Any CPU
		Release|Any CPU = Release|Any CPU
	EndGlobalSection
	GlobalSection(ProjectConfigurationPlatforms) = postSolution
		{FBEDC289-4776-4B74-850C-66E53B9CABED}.Debug|Any CPU.ActiveCfg = Debug|Any CPU
		{FBEDC289-4776-4B74-850C-66E53B9CABED}.Debug|Any CPU.Build.0 = Debug|Any CPU
		{FBEDC289-4776-4B74-850C-66E53B9CABED}.Release|Any CPU.ActiveCfg = Release|Any CPU
		{FBEDC289-4776-4B74-850C-66E53B9CABED}.Release|Any CPU.Build.0 = Release|Any CPU
	EndGlobalSection
	GlobalSection(SolutionProperties) = preSolution
		HideSolutionNode = FALSE
	EndGlobalSection
	GlobalSection(ExtensibilityGlobals) = postSolution
		SolutionGuid = {ED946FFD-0318-4AFC-867A-412265184C19}
	EndGlobalSection
EndGlobal
